
Microsoft Visual Studio Solution File, Format Version 11.00
# Visual Studio 2010
Project("{8BC9CEB8-8B4A-11D0-8D11-00A0C91BC942}") = "sparc", "sparc\sparc.vcxproj", "{DC7C39B8-8375-436C-B2B2-171BDB371FEF}"
EndProject
Global
	GlobalSection(SolutionConfigurationPlatforms) = preSolution
		Debug|Win32 = Debug|Win32
		Release|Win32 = Release|Win32
	EndGlobalSection
	GlobalSection(ProjectConfigurationPlatforms) = postSolution
		{DC7C39B8-8375-436C-B2B2-171BDB371FEF}.Debug|Win32.ActiveCfg = Debug|Win32
		{DC7C39B8-8375-436C-B2B2-171BDB371FEF}.Debug|Win32.Build.0 = Debug|Win32
		{DC7C39B8-8375-436C-B2B2-171BDB371FEF}.Release|Win32.ActiveCfg = Release|Win32
		{DC7C39B8-8375-436C-B2B2-171BDB371FEF}.Release|Win32.Build.0 = Release|Win32
	EndGlobalSection
	GlobalSection(SolutionProperties) = preSolution
		HideSolutionNode = FALSE
	EndGlobalSection
EndGlobal
